
Microsoft Visual Studio Solution File, Format Version 12.00
# Visual Studio Version 16
VisualStudioVersion = 16.0.31829.152
MinimumVisualStudioVersion = 10.0.40219.1
Project("{FAE04EC0-301F-11D3-BF4B-00C04F79EFBC}") = "D", "D\D.csproj", "{CF8DE6C5-4437-4382-B0E0-D1B775108F92}"
EndProject
Global
	GlobalSection(SolutionConfigurationPlatforms) = preSolution
		Debug|Any CPU = Debug|Any CPU
		Release|Any CPU = Release|Any CPU
	EndGlobalSection
	GlobalSection(ProjectConfigurationPlatforms) = postSolution
		{CF8DE6C5-4437-4382-B0E0-D1B775108F92}.Debug|Any CPU.ActiveCfg = Debug|Any CPU
		{CF8DE6C5-4437-4382-B0E0-D1B775108F92}.Debug|Any CPU.Build.0 = Debug|Any CPU
		{CF8DE6C5-4437-4382-B0E0-D1B775108F92}.Release|Any CPU.ActiveCfg = Release|Any CPU
		{CF8DE6C5-4437-4382-B0E0-D1B775108F92}.Release|Any CPU.Build.0 = Release|Any CPU
	EndGlobalSection
	GlobalSection(SolutionProperties) = preSolution
		HideSolutionNode = FALSE
	EndGlobalSection
	GlobalSection(ExtensibilityGlobals) = postSolution
		SolutionGuid = {D2B28077-C623-4BBC-AF14-13F40174FB51}
	EndGlobalSection
EndGlobal
