
Microsoft Visual Studio Solution File, Format Version 12.00
# Visual Studio Version 16
VisualStudioVersion = 16.0.31911.196
MinimumVisualStudioVersion = 10.0.40219.1
Project("{FAE04EC0-301F-11D3-BF4B-00C04F79EFBC}") = "FinaleG", "FinaleG\FinaleG.csproj", "{0C519168-9A66-4953-8025-FDB58BEC4E73}"
EndProject
Global
	GlobalSection(SolutionConfigurationPlatforms) = preSolution
		Debug|Any CPU = Debug|Any CPU
		Release|Any CPU = Release|Any CPU
	EndGlobalSection
	GlobalSection(ProjectConfigurationPlatforms) = postSolution
		{0C519168-9A66-4953-8025-FDB58BEC4E73}.Debug|Any CPU.ActiveCfg = Debug|Any CPU
		{0C519168-9A66-4953-8025-FDB58BEC4E73}.Debug|Any CPU.Build.0 = Debug|Any CPU
		{0C519168-9A66-4953-8025-FDB58BEC4E73}.Release|Any CPU.ActiveCfg = Release|Any CPU
		{0C519168-9A66-4953-8025-FDB58BEC4E73}.Release|Any CPU.Build.0 = Release|Any CPU
	EndGlobalSection
	GlobalSection(SolutionProperties) = preSolution
		HideSolutionNode = FALSE
	EndGlobalSection
	GlobalSection(ExtensibilityGlobals) = postSolution
		SolutionGuid = {715B610C-22E1-4473-8BAF-2AC6F30284A0}
	EndGlobalSection
EndGlobal
