
Microsoft Visual Studio Solution File, Format Version 12.00
# Visual Studio Version 16
VisualStudioVersion = 16.0.30717.126
MinimumVisualStudioVersion = 10.0.40219.1
Project("{FAE04EC0-301F-11D3-BF4B-00C04F79EFBC}") = "oprava-levopisu", "oprava-levopisu\oprava-levopisu.csproj", "{6B416FB3-758A-4BCF-A0D9-EEC9E46C4FBF}"
EndProject
Global
	GlobalSection(SolutionConfigurationPlatforms) = preSolution
		Debug|Any CPU = Debug|Any CPU
		Release|Any CPU = Release|Any CPU
	EndGlobalSection
	GlobalSection(ProjectConfigurationPlatforms) = postSolution
		{6B416FB3-758A-4BCF-A0D9-EEC9E46C4FBF}.Debug|Any CPU.ActiveCfg = Debug|Any CPU
		{6B416FB3-758A-4BCF-A0D9-EEC9E46C4FBF}.Debug|Any CPU.Build.0 = Debug|Any CPU
		{6B416FB3-758A-4BCF-A0D9-EEC9E46C4FBF}.Release|Any CPU.ActiveCfg = Release|Any CPU
		{6B416FB3-758A-4BCF-A0D9-EEC9E46C4FBF}.Release|Any CPU.Build.0 = Release|Any CPU
	EndGlobalSection
	GlobalSection(SolutionProperties) = preSolution
		HideSolutionNode = FALSE
	EndGlobalSection
	GlobalSection(ExtensibilityGlobals) = postSolution
		SolutionGuid = {DBA4E230-C4D3-42CE-B4B4-D1FDB644344E}
	EndGlobalSection
EndGlobal
