
Microsoft Visual Studio Solution File, Format Version 12.00
# Visual Studio Version 16
VisualStudioVersion = 16.0.31911.196
MinimumVisualStudioVersion = 10.0.40219.1
Project("{FAE04EC0-301F-11D3-BF4B-00C04F79EFBC}") = "FinaleA", "FinaleA\FinaleA.csproj", "{9A780284-3650-4ACA-95FA-7B8DE2F55425}"
EndProject
Global
	GlobalSection(SolutionConfigurationPlatforms) = preSolution
		Debug|Any CPU = Debug|Any CPU
		Release|Any CPU = Release|Any CPU
	EndGlobalSection
	GlobalSection(ProjectConfigurationPlatforms) = postSolution
		{9A780284-3650-4ACA-95FA-7B8DE2F55425}.Debug|Any CPU.ActiveCfg = Debug|Any CPU
		{9A780284-3650-4ACA-95FA-7B8DE2F55425}.Debug|Any CPU.Build.0 = Debug|Any CPU
		{9A780284-3650-4ACA-95FA-7B8DE2F55425}.Release|Any CPU.ActiveCfg = Release|Any CPU
		{9A780284-3650-4ACA-95FA-7B8DE2F55425}.Release|Any CPU.Build.0 = Release|Any CPU
	EndGlobalSection
	GlobalSection(SolutionProperties) = preSolution
		HideSolutionNode = FALSE
	EndGlobalSection
	GlobalSection(ExtensibilityGlobals) = postSolution
		SolutionGuid = {C053D48B-0A43-45FF-8C8A-10071090FB12}
	EndGlobalSection
EndGlobal
