
Microsoft Visual Studio Solution File, Format Version 12.00
# Visual Studio Version 16
VisualStudioVersion = 16.0.31911.196
MinimumVisualStudioVersion = 10.0.40219.1
Project("{FAE04EC0-301F-11D3-BF4B-00C04F79EFBC}") = "FinaleTestA", "FinaleTestA\FinaleTestA.csproj", "{07DBB544-9C47-4191-9913-1FAE2C2C72DA}"
EndProject
Global
	GlobalSection(SolutionConfigurationPlatforms) = preSolution
		Debug|Any CPU = Debug|Any CPU
		Release|Any CPU = Release|Any CPU
	EndGlobalSection
	GlobalSection(ProjectConfigurationPlatforms) = postSolution
		{07DBB544-9C47-4191-9913-1FAE2C2C72DA}.Debug|Any CPU.ActiveCfg = Debug|Any CPU
		{07DBB544-9C47-4191-9913-1FAE2C2C72DA}.Debug|Any CPU.Build.0 = Debug|Any CPU
		{07DBB544-9C47-4191-9913-1FAE2C2C72DA}.Release|Any CPU.ActiveCfg = Release|Any CPU
		{07DBB544-9C47-4191-9913-1FAE2C2C72DA}.Release|Any CPU.Build.0 = Release|Any CPU
	EndGlobalSection
	GlobalSection(SolutionProperties) = preSolution
		HideSolutionNode = FALSE
	EndGlobalSection
	GlobalSection(ExtensibilityGlobals) = postSolution
		SolutionGuid = {4F6E3488-B57C-480A-B75B-4F779CC2BBFE}
	EndGlobalSection
EndGlobal
