
Microsoft Visual Studio Solution File, Format Version 12.00
# Visual Studio Version 16
VisualStudioVersion = 16.0.30717.126
MinimumVisualStudioVersion = 10.0.40219.1
Project("{FAE04EC0-301F-11D3-BF4B-00C04F79EFBC}") = "Hexakviz", "Hexakviz\Hexakviz.csproj", "{C50F5E61-8887-429E-98A0-3342A0A7A536}"
EndProject
Global
	GlobalSection(SolutionConfigurationPlatforms) = preSolution
		Debug|Any CPU = Debug|Any CPU
		Release|Any CPU = Release|Any CPU
	EndGlobalSection
	GlobalSection(ProjectConfigurationPlatforms) = postSolution
		{C50F5E61-8887-429E-98A0-3342A0A7A536}.Debug|Any CPU.ActiveCfg = Debug|Any CPU
		{C50F5E61-8887-429E-98A0-3342A0A7A536}.Debug|Any CPU.Build.0 = Debug|Any CPU
		{C50F5E61-8887-429E-98A0-3342A0A7A536}.Release|Any CPU.ActiveCfg = Release|Any CPU
		{C50F5E61-8887-429E-98A0-3342A0A7A536}.Release|Any CPU.Build.0 = Release|Any CPU
	EndGlobalSection
	GlobalSection(SolutionProperties) = preSolution
		HideSolutionNode = FALSE
	EndGlobalSection
	GlobalSection(ExtensibilityGlobals) = postSolution
		SolutionGuid = {CC130498-8C29-4259-9372-900AF675952D}
	EndGlobalSection
EndGlobal
